
Microsoft Visual Studio Solution File, Format Version 12.00
# Visual Studio Version 16
VisualStudioVersion = 16.0.30804.86
MinimumVisualStudioVersion = 10.0.40219.1
Project("{FAE04EC0-301F-11D3-BF4B-00C04F79EFBC}") = "todoTrelloApi", "todoTrelloApi\todoTrelloApi.csproj", "{B453C579-41BC-4B70-AB85-C87E98EF753D}"
EndProject
Global
	GlobalSection(SolutionConfigurationPlatforms) = preSolution
		Debug|Any CPU = Debug|Any CPU
		Release|Any CPU = Release|Any CPU
	EndGlobalSection
	GlobalSection(ProjectConfigurationPlatforms) = postSolution
		{B453C579-41BC-4B70-AB85-C87E98EF753D}.Debug|Any CPU.ActiveCfg = Debug|Any CPU
		{B453C579-41BC-4B70-AB85-C87E98EF753D}.Debug|Any CPU.Build.0 = Debug|Any CPU
		{B453C579-41BC-4B70-AB85-C87E98EF753D}.Release|Any CPU.ActiveCfg = Release|Any CPU
		{B453C579-41BC-4B70-AB85-C87E98EF753D}.Release|Any CPU.Build.0 = Release|Any CPU
	EndGlobalSection
	GlobalSection(SolutionProperties) = preSolution
		HideSolutionNode = FALSE
	EndGlobalSection
	GlobalSection(ExtensibilityGlobals) = postSolution
		SolutionGuid = {94DC08E1-6128-4D98-97AD-B224EFC8A5E7}
	EndGlobalSection
EndGlobal
